
Microsoft Visual Studio Solution File, Format Version 12.00
# Visual Studio Version 17
VisualStudioVersion = 17.8.34316.72
MinimumVisualStudioVersion = 10.0.40219.1
Project("{9A19103F-16F7-4668-BE54-9A1E7A4F7556}") = "AppManagerGUI", "AppManagerGUI\AppManagerGUI.csproj", "{56CD9FBE-58BA-4A2B-9BFE-D2EF86873227}"
EndProject
Project("{FAE04EC0-301F-11D3-BF4B-00C04F79EFBC}") = "AppManagerUnitTest", "AppManagerUnitTest\AppManagerUnitTest.csproj", "{4685FBB2-CB6E-4A55-949A-A3A8CA4E6CE3}"
EndProject
Global
	GlobalSection(SolutionConfigurationPlatforms) = preSolution
		Debug|Any CPU = Debug|Any CPU
		Release|Any CPU = Release|Any CPU
	EndGlobalSection
	GlobalSection(ProjectConfigurationPlatforms) = postSolution
		{56CD9FBE-58BA-4A2B-9BFE-D2EF86873227}.Debug|Any CPU.ActiveCfg = Debug|Any CPU
		{56CD9FBE-58BA-4A2B-9BFE-D2EF86873227}.Debug|Any CPU.Build.0 = Debug|Any CPU
		{56CD9FBE-58BA-4A2B-9BFE-D2EF86873227}.Release|Any CPU.ActiveCfg = Release|Any CPU
		{56CD9FBE-58BA-4A2B-9BFE-D2EF86873227}.Release|Any CPU.Build.0 = Release|Any CPU
		{4685FBB2-CB6E-4A55-949A-A3A8CA4E6CE3}.Debug|Any CPU.ActiveCfg = Debug|Any CPU
		{4685FBB2-CB6E-4A55-949A-A3A8CA4E6CE3}.Debug|Any CPU.Build.0 = Debug|Any CPU
		{4685FBB2-CB6E-4A55-949A-A3A8CA4E6CE3}.Release|Any CPU.ActiveCfg = Release|Any CPU
		{4685FBB2-CB6E-4A55-949A-A3A8CA4E6CE3}.Release|Any CPU.Build.0 = Release|Any CPU
	EndGlobalSection
	GlobalSection(SolutionProperties) = preSolution
		HideSolutionNode = FALSE
	EndGlobalSection
	GlobalSection(ExtensibilityGlobals) = postSolution
		SolutionGuid = {D76B037C-AA4B-4957-AF85-7E8A35A99EB1}
	EndGlobalSection
EndGlobal
